
Microsoft Visual Studio Solution File, Format Version 12.00
# Visual Studio 2012
Project("{FAE04EC0-301F-11D3-BF4B-00C04F79EFBC}") = "ItemFrames", "ItemFrames\ItemFrames.csproj", "{0A9C915E-9DA9-467B-865E-680738335480}"
EndProject
Global
	GlobalSection(SolutionConfigurationPlatforms) = preSolution
		Debug|Any CPU = Debug|Any CPU
		Release|Any CPU = Release|Any CPU
	EndGlobalSection
	GlobalSection(ProjectConfigurationPlatforms) = postSolution
		{0A9C915E-9DA9-467B-865E-680738335480}.Debug|Any CPU.ActiveCfg = Debug|Any CPU
		{0A9C915E-9DA9-467B-865E-680738335480}.Debug|Any CPU.Build.0 = Debug|Any CPU
		{0A9C915E-9DA9-467B-865E-680738335480}.Release|Any CPU.ActiveCfg = Release|Any CPU
		{0A9C915E-9DA9-467B-865E-680738335480}.Release|Any CPU.Build.0 = Release|Any CPU
	EndGlobalSection
EndGlobal
